
Microsoft Visual Studio Solution File, Format Version 12.00
# Visual Studio Version 17
VisualStudioVersion = 17.14.36915.13 d17.14
MinimumVisualStudioVersion = 10.0.40219.1
Project("{FAE04EC0-301F-11D3-BF4B-00C04F79EFBC}") = "ucInformateur", "ucInformateur.csproj", "{3FAAC929-0698-44F1-AC58-8AAE828AB0B9}"
EndProject
Global
	GlobalSection(SolutionConfigurationPlatforms) = preSolution
		Debug|Any CPU = Debug|Any CPU
		Release|Any CPU = Release|Any CPU
	EndGlobalSection
	GlobalSection(ProjectConfigurationPlatforms) = postSolution
		{3FAAC929-0698-44F1-AC58-8AAE828AB0B9}.Debug|Any CPU.ActiveCfg = Debug|Any CPU
		{3FAAC929-0698-44F1-AC58-8AAE828AB0B9}.Debug|Any CPU.Build.0 = Debug|Any CPU
		{3FAAC929-0698-44F1-AC58-8AAE828AB0B9}.Release|Any CPU.ActiveCfg = Release|Any CPU
		{3FAAC929-0698-44F1-AC58-8AAE828AB0B9}.Release|Any CPU.Build.0 = Release|Any CPU
	EndGlobalSection
	GlobalSection(SolutionProperties) = preSolution
		HideSolutionNode = FALSE
	EndGlobalSection
	GlobalSection(ExtensibilityGlobals) = postSolution
		SolutionGuid = {38BCA0A4-A4F9-4BBE-8A90-E338101196D8}
	EndGlobalSection
EndGlobal
