
Microsoft Visual Studio Solution File, Format Version 12.00
# Visual Studio Version 17
VisualStudioVersion = 17.14.37314.3 d17.14
MinimumVisualStudioVersion = 10.0.40219.1
Project("{FAE04EC0-301F-11D3-BF4B-00C04F79EFBC}") = "ucDetailPlanete", "ucDetailPlanete.csproj", "{38C1DCD4-CF5F-4449-822D-4D26D61393FD}"
EndProject
Global
	GlobalSection(SolutionConfigurationPlatforms) = preSolution
		Debug|Any CPU = Debug|Any CPU
		Release|Any CPU = Release|Any CPU
	EndGlobalSection
	GlobalSection(ProjectConfigurationPlatforms) = postSolution
		{38C1DCD4-CF5F-4449-822D-4D26D61393FD}.Debug|Any CPU.ActiveCfg = Debug|Any CPU
		{38C1DCD4-CF5F-4449-822D-4D26D61393FD}.Debug|Any CPU.Build.0 = Debug|Any CPU
		{38C1DCD4-CF5F-4449-822D-4D26D61393FD}.Release|Any CPU.ActiveCfg = Release|Any CPU
		{38C1DCD4-CF5F-4449-822D-4D26D61393FD}.Release|Any CPU.Build.0 = Release|Any CPU
	EndGlobalSection
	GlobalSection(SolutionProperties) = preSolution
		HideSolutionNode = FALSE
	EndGlobalSection
	GlobalSection(ExtensibilityGlobals) = postSolution
		SolutionGuid = {033F913A-9171-4E82-B1E8-BA55B651899A}
	EndGlobalSection
EndGlobal
